
Microsoft Visual Studio Solution File, Format Version 12.00
# Visual Studio 14
VisualStudioVersion = 14.0.23107.0
MinimumVisualStudioVersion = 10.0.40219.1
Project("{2150E333-8FDC-42A3-9474-1A3956D46DE8}") = "src", "src", "{02969963-626B-49A6-86C7-939BDA6DA2BD}"
EndProject
Project("{2150E333-8FDC-42A3-9474-1A3956D46DE8}") = "Solution Items", "Solution Items", "{CF52DB34-927D-4CEB-BD6B-69AB4F1614FC}"
	ProjectSection(SolutionItems) = preProject
		global.json = global.json
	EndProjectSection
EndProject
Project("{8BB2217D-0F2D-49D1-97BC-3654ED321F3B}") = "FormiginationUI", "src\FormiginationUI\FormiginationUI.xproj", "{8EC5DBCD-A281-4303-BAF0-EC37D9202C66}"
EndProject
Project("{2150E333-8FDC-42A3-9474-1A3956D46DE8}") = "ApplicationModule", "ApplicationModule", "{140B31C5-793F-446C-8D27-8E93BA67F223}"
EndProject
Project("{2150E333-8FDC-42A3-9474-1A3956D46DE8}") = "Models", "Models", "{ABF69590-6E19-4425-B28B-6FC7BD4F6331}"
EndProject
Project("{2150E333-8FDC-42A3-9474-1A3956D46DE8}") = "DB", "DB", "{1654506B-31C8-4C8D-8353-A4BCBF4045EE}"
EndProject
Project("{FAE04EC0-301F-11D3-BF4B-00C04F79EFBC}") = "OpsDBContext", "UnitOfWork\OpsDBContext.csproj", "{C2D0CD72-2EA2-497D-B9B8-18838273D893}"
EndProject
Project("{FAE04EC0-301F-11D3-BF4B-00C04F79EFBC}") = "OpsModels", "Ops.ViewModels\OpsModels.csproj", "{FB048EC2-1875-4251-B43B-5C53BF770673}"
EndProject
Project("{FAE04EC0-301F-11D3-BF4B-00C04F79EFBC}") = "Ops.AppServices", "Ops.AppServices\Ops.AppServices.csproj", "{9696DD1E-2320-47A7-89CD-7B96DC29D02C}"
EndProject
Global
	GlobalSection(SolutionConfigurationPlatforms) = preSolution
		Debug|Any CPU = Debug|Any CPU
		Release|Any CPU = Release|Any CPU
	EndGlobalSection
	GlobalSection(ProjectConfigurationPlatforms) = postSolution
		{8EC5DBCD-A281-4303-BAF0-EC37D9202C66}.Debug|Any CPU.ActiveCfg = Debug|Any CPU
		{8EC5DBCD-A281-4303-BAF0-EC37D9202C66}.Debug|Any CPU.Build.0 = Debug|Any CPU
		{8EC5DBCD-A281-4303-BAF0-EC37D9202C66}.Release|Any CPU.ActiveCfg = Release|Any CPU
		{8EC5DBCD-A281-4303-BAF0-EC37D9202C66}.Release|Any CPU.Build.0 = Release|Any CPU
		{C2D0CD72-2EA2-497D-B9B8-18838273D893}.Debug|Any CPU.ActiveCfg = Debug|Any CPU
		{C2D0CD72-2EA2-497D-B9B8-18838273D893}.Debug|Any CPU.Build.0 = Debug|Any CPU
		{C2D0CD72-2EA2-497D-B9B8-18838273D893}.Release|Any CPU.ActiveCfg = Release|Any CPU
		{C2D0CD72-2EA2-497D-B9B8-18838273D893}.Release|Any CPU.Build.0 = Release|Any CPU
		{FB048EC2-1875-4251-B43B-5C53BF770673}.Debug|Any CPU.ActiveCfg = Debug|Any CPU
		{FB048EC2-1875-4251-B43B-5C53BF770673}.Debug|Any CPU.Build.0 = Debug|Any CPU
		{FB048EC2-1875-4251-B43B-5C53BF770673}.Release|Any CPU.ActiveCfg = Release|Any CPU
		{FB048EC2-1875-4251-B43B-5C53BF770673}.Release|Any CPU.Build.0 = Release|Any CPU
		{9696DD1E-2320-47A7-89CD-7B96DC29D02C}.Debug|Any CPU.ActiveCfg = Debug|Any CPU
		{9696DD1E-2320-47A7-89CD-7B96DC29D02C}.Debug|Any CPU.Build.0 = Debug|Any CPU
		{9696DD1E-2320-47A7-89CD-7B96DC29D02C}.Release|Any CPU.ActiveCfg = Release|Any CPU
		{9696DD1E-2320-47A7-89CD-7B96DC29D02C}.Release|Any CPU.Build.0 = Release|Any CPU
	EndGlobalSection
	GlobalSection(SolutionProperties) = preSolution
		HideSolutionNode = FALSE
	EndGlobalSection
	GlobalSection(NestedProjects) = preSolution
		{8EC5DBCD-A281-4303-BAF0-EC37D9202C66} = {02969963-626B-49A6-86C7-939BDA6DA2BD}
		{C2D0CD72-2EA2-497D-B9B8-18838273D893} = {1654506B-31C8-4C8D-8353-A4BCBF4045EE}
		{FB048EC2-1875-4251-B43B-5C53BF770673} = {ABF69590-6E19-4425-B28B-6FC7BD4F6331}
		{9696DD1E-2320-47A7-89CD-7B96DC29D02C} = {140B31C5-793F-446C-8D27-8E93BA67F223}
	EndGlobalSection
EndGlobal
